
Microsoft Visual Studio Solution File, Format Version 12.00
# Visual Studio 2013
VisualStudioVersion = 12.0.31101.0
MinimumVisualStudioVersion = 10.0.40219.1
Project("{FAE04EC0-301F-11D3-BF4B-00C04F79EFBC}") = "CompilerConsoleClient", "CompilerConsoleClient\CompilerConsoleClient.csproj", "{F6AE0288-41C5-41C5-AD95-654E3C710C51}"
EndProject
Project("{2150E333-8FDC-42A3-9474-1A3956D46DE8}") = ".nuget", ".nuget", "{EA3798DA-4ACF-4DFD-8363-FCAD0FF50C91}"
	ProjectSection(SolutionItems) = preProject
		.nuget\NuGet.Config = .nuget\NuGet.Config
		.nuget\NuGet.exe = .nuget\NuGet.exe
		.nuget\NuGet.targets = .nuget\NuGet.targets
	EndProjectSection
EndProject
Project("{FAE04EC0-301F-11D3-BF4B-00C04F79EFBC}") = "WebServer", "WebServer\WebServer.csproj", "{DDA2413D-C803-4C82-8EC1-36E53B5CDDA0}"
EndProject
Project("{FAE04EC0-301F-11D3-BF4B-00C04F79EFBC}") = "WebServer.Tests", "WebServer.Tests\WebServer.Tests.csproj", "{23EF62AA-E385-4784-8C5E-C2E005B0D392}"
EndProject
Project("{FAE04EC0-301F-11D3-BF4B-00C04F79EFBC}") = "ConsoleServer", "ConsoleServer\ConsoleServer.csproj", "{77288EF8-2F15-4813-BDAD-16A99D14AC24}"
EndProject
Project("{FAE04EC0-301F-11D3-BF4B-00C04F79EFBC}") = "ConsoleClient", "ConsoleClient\ConsoleClient.csproj", "{E4A5EFDF-6641-4AC2-B4CD-E30D69F613FB}"
EndProject
Project("{FAE04EC0-301F-11D3-BF4B-00C04F79EFBC}") = "EntityModel", "Entities\EntityModel.csproj", "{FF564DE1-7670-48EF-9BB1-6BFE65A15BD4}"
EndProject
Project("{FAE04EC0-301F-11D3-BF4B-00C04F79EFBC}") = "LogServer", "LogService\LogServer.csproj", "{08C5699E-F87C-4416-8848-76DB3C5EE5AB}"
EndProject
Project("{FAE04EC0-301F-11D3-BF4B-00C04F79EFBC}") = "EntityDAL", "EntityDAL\EntityDAL.csproj", "{A3A5C192-9106-4CD7-B424-93C16BF909CD}"
EndProject
Project("{FAE04EC0-301F-11D3-BF4B-00C04F79EFBC}") = "TestProgram", "TestProgram\TestProgram.csproj", "{4CFD89F0-656B-41E9-9C35-4AA2F1E7C634}"
EndProject
Project("{FAE04EC0-301F-11D3-BF4B-00C04F79EFBC}") = "TestProgram.Tests", "TestProgram.Tests\TestProgram.Tests.csproj", "{16E95EC7-8330-4462-8C93-7C14D3AF3D2C}"
EndProject
Global
	GlobalSection(SolutionConfigurationPlatforms) = preSolution
		Debug|Any CPU = Debug|Any CPU
		Release|Any CPU = Release|Any CPU
	EndGlobalSection
	GlobalSection(ProjectConfigurationPlatforms) = postSolution
		{F6AE0288-41C5-41C5-AD95-654E3C710C51}.Debug|Any CPU.ActiveCfg = Debug|Any CPU
		{F6AE0288-41C5-41C5-AD95-654E3C710C51}.Debug|Any CPU.Build.0 = Debug|Any CPU
		{F6AE0288-41C5-41C5-AD95-654E3C710C51}.Release|Any CPU.ActiveCfg = Release|Any CPU
		{F6AE0288-41C5-41C5-AD95-654E3C710C51}.Release|Any CPU.Build.0 = Release|Any CPU
		{DDA2413D-C803-4C82-8EC1-36E53B5CDDA0}.Debug|Any CPU.ActiveCfg = Debug|Any CPU
		{DDA2413D-C803-4C82-8EC1-36E53B5CDDA0}.Debug|Any CPU.Build.0 = Debug|Any CPU
		{DDA2413D-C803-4C82-8EC1-36E53B5CDDA0}.Release|Any CPU.ActiveCfg = Release|Any CPU
		{DDA2413D-C803-4C82-8EC1-36E53B5CDDA0}.Release|Any CPU.Build.0 = Release|Any CPU
		{23EF62AA-E385-4784-8C5E-C2E005B0D392}.Debug|Any CPU.ActiveCfg = Debug|Any CPU
		{23EF62AA-E385-4784-8C5E-C2E005B0D392}.Debug|Any CPU.Build.0 = Debug|Any CPU
		{23EF62AA-E385-4784-8C5E-C2E005B0D392}.Release|Any CPU.ActiveCfg = Release|Any CPU
		{23EF62AA-E385-4784-8C5E-C2E005B0D392}.Release|Any CPU.Build.0 = Release|Any CPU
		{77288EF8-2F15-4813-BDAD-16A99D14AC24}.Debug|Any CPU.ActiveCfg = Debug|Any CPU
		{77288EF8-2F15-4813-BDAD-16A99D14AC24}.Debug|Any CPU.Build.0 = Debug|Any CPU
		{77288EF8-2F15-4813-BDAD-16A99D14AC24}.Release|Any CPU.ActiveCfg = Release|Any CPU
		{77288EF8-2F15-4813-BDAD-16A99D14AC24}.Release|Any CPU.Build.0 = Release|Any CPU
		{E4A5EFDF-6641-4AC2-B4CD-E30D69F613FB}.Debug|Any CPU.ActiveCfg = Debug|Any CPU
		{E4A5EFDF-6641-4AC2-B4CD-E30D69F613FB}.Debug|Any CPU.Build.0 = Debug|Any CPU
		{E4A5EFDF-6641-4AC2-B4CD-E30D69F613FB}.Release|Any CPU.ActiveCfg = Release|Any CPU
		{E4A5EFDF-6641-4AC2-B4CD-E30D69F613FB}.Release|Any CPU.Build.0 = Release|Any CPU
		{FF564DE1-7670-48EF-9BB1-6BFE65A15BD4}.Debug|Any CPU.ActiveCfg = Debug|Any CPU
		{FF564DE1-7670-48EF-9BB1-6BFE65A15BD4}.Debug|Any CPU.Build.0 = Debug|Any CPU
		{FF564DE1-7670-48EF-9BB1-6BFE65A15BD4}.Release|Any CPU.ActiveCfg = Release|Any CPU
		{FF564DE1-7670-48EF-9BB1-6BFE65A15BD4}.Release|Any CPU.Build.0 = Release|Any CPU
		{08C5699E-F87C-4416-8848-76DB3C5EE5AB}.Debug|Any CPU.ActiveCfg = Debug|Any CPU
		{08C5699E-F87C-4416-8848-76DB3C5EE5AB}.Debug|Any CPU.Build.0 = Debug|Any CPU
		{08C5699E-F87C-4416-8848-76DB3C5EE5AB}.Release|Any CPU.ActiveCfg = Release|Any CPU
		{08C5699E-F87C-4416-8848-76DB3C5EE5AB}.Release|Any CPU.Build.0 = Release|Any CPU
		{A3A5C192-9106-4CD7-B424-93C16BF909CD}.Debug|Any CPU.ActiveCfg = Debug|Any CPU
		{A3A5C192-9106-4CD7-B424-93C16BF909CD}.Debug|Any CPU.Build.0 = Debug|Any CPU
		{A3A5C192-9106-4CD7-B424-93C16BF909CD}.Release|Any CPU.ActiveCfg = Release|Any CPU
		{A3A5C192-9106-4CD7-B424-93C16BF909CD}.Release|Any CPU.Build.0 = Release|Any CPU
		{4CFD89F0-656B-41E9-9C35-4AA2F1E7C634}.Debug|Any CPU.ActiveCfg = Debug|Any CPU
		{4CFD89F0-656B-41E9-9C35-4AA2F1E7C634}.Debug|Any CPU.Build.0 = Debug|Any CPU
		{4CFD89F0-656B-41E9-9C35-4AA2F1E7C634}.Release|Any CPU.ActiveCfg = Release|Any CPU
		{4CFD89F0-656B-41E9-9C35-4AA2F1E7C634}.Release|Any CPU.Build.0 = Release|Any CPU
		{16E95EC7-8330-4462-8C93-7C14D3AF3D2C}.Debug|Any CPU.ActiveCfg = Debug|Any CPU
		{16E95EC7-8330-4462-8C93-7C14D3AF3D2C}.Debug|Any CPU.Build.0 = Debug|Any CPU
		{16E95EC7-8330-4462-8C93-7C14D3AF3D2C}.Release|Any CPU.ActiveCfg = Release|Any CPU
		{16E95EC7-8330-4462-8C93-7C14D3AF3D2C}.Release|Any CPU.Build.0 = Release|Any CPU
	EndGlobalSection
	GlobalSection(SolutionProperties) = preSolution
		HideSolutionNode = FALSE
	EndGlobalSection
EndGlobal
